
Microsoft Visual Studio Solution File, Format Version 12.00
# Visual Studio Version 17
VisualStudioVersion = 17.10.35122.118
MinimumVisualStudioVersion = 10.0.40219.1
Project("{FAE04EC0-301F-11D3-BF4B-00C04F79EFBC}") = "RainTrackingApi", "RainTrackingApi\RainTrackingApi.csproj", "{EADF9A93-FB82-465A-9210-B95EB2170FCA}"
EndProject
Global
	GlobalSection(SolutionConfigurationPlatforms) = preSolution
		Debug|Any CPU = Debug|Any CPU
		Release|Any CPU = Release|Any CPU
	EndGlobalSection
	GlobalSection(ProjectConfigurationPlatforms) = postSolution
		{EADF9A93-FB82-465A-9210-B95EB2170FCA}.Debug|Any CPU.ActiveCfg = Debug|Any CPU
		{EADF9A93-FB82-465A-9210-B95EB2170FCA}.Debug|Any CPU.Build.0 = Debug|Any CPU
		{EADF9A93-FB82-465A-9210-B95EB2170FCA}.Release|Any CPU.ActiveCfg = Release|Any CPU
		{EADF9A93-FB82-465A-9210-B95EB2170FCA}.Release|Any CPU.Build.0 = Release|Any CPU
	EndGlobalSection
	GlobalSection(SolutionProperties) = preSolution
		HideSolutionNode = FALSE
	EndGlobalSection
	GlobalSection(ExtensibilityGlobals) = postSolution
		SolutionGuid = {8F48756C-7AAB-405F-8CCE-C83360ED9548}
	EndGlobalSection
EndGlobal
